
Microsoft Visual Studio Solution File, Format Version 12.00
# Visual Studio Version 16
VisualStudioVersion = 16.0.30330.147
MinimumVisualStudioVersion = 10.0.40219.1
Project("{9A19103F-16F7-4668-BE54-9A1E7A4F7556}") = "aicup2020", "aicup2020.csproj", "{6AB1D89B-529D-4755-9EE9-69285D844F87}"
EndProject
Global
	GlobalSection(SolutionConfigurationPlatforms) = preSolution
		Debug|Any CPU = Debug|Any CPU
		Release|Any CPU = Release|Any CPU
	EndGlobalSection
	GlobalSection(ProjectConfigurationPlatforms) = postSolution
		{6AB1D89B-529D-4755-9EE9-69285D844F87}.Debug|Any CPU.ActiveCfg = Debug|Any CPU
		{6AB1D89B-529D-4755-9EE9-69285D844F87}.Debug|Any CPU.Build.0 = Debug|Any CPU
		{6AB1D89B-529D-4755-9EE9-69285D844F87}.Release|Any CPU.ActiveCfg = Release|Any CPU
		{6AB1D89B-529D-4755-9EE9-69285D844F87}.Release|Any CPU.Build.0 = Release|Any CPU
	EndGlobalSection
	GlobalSection(SolutionProperties) = preSolution
		HideSolutionNode = FALSE
	EndGlobalSection
	GlobalSection(ExtensibilityGlobals) = postSolution
		SolutionGuid = {686BE5DD-382A-4F27-B73C-7AF22E9342BB}
	EndGlobalSection
EndGlobal
